{
  "name": "GO",
  "lockfileVersion": 3,
  "requires": true,
  "packages": {
    "": {
      "devDependencies": {
        "cerbos": "^0.34.0",
        "cerbosctl": "^0.34.0"
      }
    },
    "node_modules/@cerbos/cerbos-darwin-arm64": {
      "version": "0.34.0",
      "resolved": "https://registry.npmjs.org/@cerbos/cerbos-darwin-arm64/-/cerbos-darwin-arm64-0.34.0.tgz",
      "integrity": "sha512-zff2ATl/+ulsBvp7oq901d8PNTPVBolJWsaBggwCbypltY+jkoDTJHd7enyOWxxup4guhbdfEIcVzck63p5w+Q==",
      "cpu": [
        "arm64"
      ],
      "dev": true,
      "optional": true,
      "os": [
        "darwin"
      ]
    },
    "node_modules/@cerbos/cerbos-darwin-x64": {
      "version": "0.34.0",
      "resolved": "https://registry.npmjs.org/@cerbos/cerbos-darwin-x64/-/cerbos-darwin-x64-0.34.0.tgz",
      "integrity": "sha512-ALp6L4r7LSwuax/+mhvBmTZ+b33ri/bjmuRwvFu0a8toQ9RqvUPmjoGB64tB5m7IjADlW95cCu8xtPJ1PzI6ew==",
      "cpu": [
        "x64"
      ],
      "dev": true,
      "optional": true,
      "os": [
        "darwin"
      ]
    },
    "node_modules/@cerbos/cerbos-linux-arm64": {
      "version": "0.34.0",
      "resolved": "https://registry.npmjs.org/@cerbos/cerbos-linux-arm64/-/cerbos-linux-arm64-0.34.0.tgz",
      "integrity": "sha512-20aJ3aEwgIp5+w4/l2Tofi5vFedFbtoMtFZ4FZGnqbbSEfgP2oEeHbdhLDJacjFBEm/k6yFIbq1fTjbrQm5BGw==",
      "cpu": [
        "arm64"
      ],
      "dev": true,
      "optional": true,
      "os": [
        "linux"
      ]
    },
    "node_modules/@cerbos/cerbos-linux-x64": {
      "version": "0.34.0",
      "resolved": "https://registry.npmjs.org/@cerbos/cerbos-linux-x64/-/cerbos-linux-x64-0.34.0.tgz",
      "integrity": "sha512-EAwVSCbqkxDyqJVfN3vJ0CCztNiQTRTqYtrxnokIoylv8Kq5PibyIYky6yMfLO+hQaysytNY22bel/EhmPM+Qw==",
      "cpu": [
        "x64"
      ],
      "dev": true,
      "optional": true,
      "os": [
        "linux"
      ]
    },
    "node_modules/@cerbos/cerbosctl-darwin-arm64": {
      "version": "0.34.0",
      "resolved": "https://registry.npmjs.org/@cerbos/cerbosctl-darwin-arm64/-/cerbosctl-darwin-arm64-0.34.0.tgz",
      "integrity": "sha512-w+nxK/Ulu9He7Qcb3fdoaN5HxchpwNGbT733rmZk9JRX31mhUoha5v1EmhXWLlWUhucQNej2guv8R9tvQFZPMg==",
      "cpu": [
        "arm64"
      ],
      "dev": true,
      "optional": true,
      "os": [
        "darwin"
      ]
    },
    "node_modules/@cerbos/cerbosctl-darwin-x64": {
      "version": "0.34.0",
      "resolved": "https://registry.npmjs.org/@cerbos/cerbosctl-darwin-x64/-/cerbosctl-darwin-x64-0.34.0.tgz",
      "integrity": "sha512-3Pmu2pP3jPhy+u46gsH9YIM5V6AqdHIJEdHvoDGHZ+9bV+KqtdM/ejDnWtz6Bzm4njd9GO0Nv+E6lfO3oZOVNA==",
      "cpu": [
        "x64"
      ],
      "dev": true,
      "optional": true,
      "os": [
        "darwin"
      ]
    },
    "node_modules/@cerbos/cerbosctl-linux-arm64": {
      "version": "0.34.0",
      "resolved": "https://registry.npmjs.org/@cerbos/cerbosctl-linux-arm64/-/cerbosctl-linux-arm64-0.34.0.tgz",
      "integrity": "sha512-s0kxwoqFmMG03V622RN0iaxSP7vA1V3/xCYpVshoxxw9SJUcGuimLrbXiDR+9gGKyTSL+VFSZBaDe11JrRtlww==",
      "cpu": [
        "arm64"
      ],
      "dev": true,
      "optional": true,
      "os": [
        "linux"
      ]
    },
    "node_modules/@cerbos/cerbosctl-linux-x64": {
      "version": "0.34.0",
      "resolved": "https://registry.npmjs.org/@cerbos/cerbosctl-linux-x64/-/cerbosctl-linux-x64-0.34.0.tgz",
      "integrity": "sha512-Z0MowW0ZkBaUq/B6ZIh+2p/x0YzFBmr5xFAQ88Ej6QOn+G00QJpcpiBGRourB1JtBjoT73gEzcMW6kplV2TokQ==",
      "cpu": [
        "x64"
      ],
      "dev": true,
      "optional": true,
      "os": [
        "linux"
      ]
    },
    "node_modules/cerbos": {
      "version": "0.34.0",
      "resolved": "https://registry.npmjs.org/cerbos/-/cerbos-0.34.0.tgz",
      "integrity": "sha512-w+Bz9HraWyr5T2Np6VfWsosFzRQU1LUH/b2rPLNfu9/Va7sDnFLJBlEjZaVHlTtW3iGbbwdzE+DpUTnv0rzfqA==",
      "dev": true,
      "bin": {
        "cerbos": "index.js"
      },
      "optionalDependencies": {
        "@cerbos/cerbos-darwin-arm64": "0.34.0",
        "@cerbos/cerbos-darwin-x64": "0.34.0",
        "@cerbos/cerbos-linux-arm64": "0.34.0",
        "@cerbos/cerbos-linux-x64": "0.34.0"
      }
    },
    "node_modules/cerbosctl": {
      "version": "0.34.0",
      "resolved": "https://registry.npmjs.org/cerbosctl/-/cerbosctl-0.34.0.tgz",
      "integrity": "sha512-IblT2J/R5eaQwpvyjv2BkshlC0VvFN/0lPbJoAXQ3m9Khsd5k+1/Ltb3wefVI0gLmryl/b8Vjby5Yu2Pfnfa5Q==",
      "dev": true,
      "bin": {
        "cerbosctl": "index.js"
      },
      "optionalDependencies": {
        "@cerbos/cerbosctl-darwin-arm64": "0.34.0",
        "@cerbos/cerbosctl-darwin-x64": "0.34.0",
        "@cerbos/cerbosctl-linux-arm64": "0.34.0",
        "@cerbos/cerbosctl-linux-x64": "0.34.0"
      }
    }
  }
}
